{
  "lockfileVersion": 1,
  "configVersion": 1,
  "workspaces": {
    "": {
      "name": "atomic-workflows",
      "peerDependencies": {
        "@bastani/atomic": ">=0.9.0",
        "typebox": "*",
      },
      "optionalPeers": [
        "@bastani/atomic",
        "typebox",
      ],
    },
  },
  "packages": {}
}
